<?xml version="1.0" encoding="utf-8"?>
<Project ToolsVersion="4.0" xmlns="http://schemas.microsoft.com/developer/msbuild/2003">
  <ItemGroup>
    <Filter Include="Source Files">
      <UniqueIdentifier>{4FC737F1-C7A5-4376-A066-2A32D752A2FF}</UniqueIdentifier>
      <Extensions>cpp;c;cc;cxx;def;odl;idl;hpj;bat;asm;asmx</Extensions>
    </Filter>
    <Filter Include="Header Files">
      <UniqueIdentifier>{93995380-89BD-4b04-88EB-625FBE52EBFB}</UniqueIdentifier>
      <Extensions>h;hh;hpp;hxx;hm;inl;inc;xsd</Extensions>
    </Filter>
    <Filter Include="Resource Files">
      <UniqueIdentifier>{67DA6AB6-F800-4c08-8B7A-83BB121AAD01}</UniqueIdentifier>
      <Extensions>rc;ico;cur;bmp;dlg;rc2;rct;bin;rgs;gif;jpg;jpeg;jpe;resx;tiff;tif;png;wav;mfcribbon-ms</Extensions>
    </Filter>
    <Filter Include="cef">
      <UniqueIdentifier>{55d4b0e9-5105-4b6b-9d48-ded0ffdeca34}</UniqueIdentifier>
    </Filter>
    <Filter Include="Script">
      <UniqueIdentifier>{170140a3-9859-4dc6-a51f-7b5f080175c4}</UniqueIdentifier>
    </Filter>
    <Filter Include="Script\js">
      <UniqueIdentifier>{1499049f-0c64-4064-a997-ccfe8b6e2851}</UniqueIdentifier>
    </Filter>
    <Filter Include="Script\js\views">
      <UniqueIdentifier>{5872f1df-cd4c-444b-8d51-b4e3d6e27dcf}</UniqueIdentifier>
    </Filter>
    <Filter Include="Script\js\models">
      <UniqueIdentifier>{1e03df36-4a35-4f45-ac6c-3e6ff3782d11}</UniqueIdentifier>
    </Filter>
  </ItemGroup>
  <ItemGroup>
    <Text Include="ReadMe.txt" />
  </ItemGroup>
  <ItemGroup>
    <ClInclude Include="EPUB3Reader.h">
      <Filter>Header Files</Filter>
    </ClInclude>
    <ClInclude Include="EPUB3ReaderDlg.h">
      <Filter>Header Files</Filter>
    </ClInclude>
    <ClInclude Include="stdafx.h">
      <Filter>Header Files</Filter>
    </ClInclude>
    <ClInclude Include="targetver.h">
      <Filter>Header Files</Filter>
    </ClInclude>
    <ClInclude Include="Resource.h">
      <Filter>Header Files</Filter>
    </ClInclude>
    <ClInclude Include="explorer.h">
      <Filter>Header Files</Filter>
    </ClInclude>
    <ClInclude Include="JS2CPP.h">
      <Filter>Header Files</Filter>
    </ClInclude>
    <ClInclude Include="json.h">
      <Filter>Header Files</Filter>
    </ClInclude>
    <ClInclude Include="MsHttpServer.h">
      <Filter>Header Files</Filter>
    </ClInclude>
    <ClInclude Include="WndResizer.h">
      <Filter>Header Files</Filter>
    </ClInclude>
    <ClInclude Include="CPP2JS.h">
      <Filter>Header Files</Filter>
    </ClInclude>
    <ClInclude Include="MyCefHandler.h">
      <Filter>cef</Filter>
    </ClInclude>
    <ClInclude Include="MyCefApp.h">
      <Filter>cef</Filter>
    </ClInclude>
    <ClInclude Include="Util.h">
      <Filter>Header Files</Filter>
    </ClInclude>
  </ItemGroup>
  <ItemGroup>
    <ClCompile Include="EPUB3Reader.cpp">
      <Filter>Source Files</Filter>
    </ClCompile>
    <ClCompile Include="EPUB3ReaderDlg.cpp">
      <Filter>Source Files</Filter>
    </ClCompile>
    <ClCompile Include="stdafx.cpp">
      <Filter>Source Files</Filter>
    </ClCompile>
    <ClCompile Include="explorer.cpp">
      <Filter>Source Files</Filter>
    </ClCompile>
    <ClCompile Include="json.cpp">
      <Filter>Source Files</Filter>
    </ClCompile>
    <ClCompile Include="MsHttpServer.cpp">
      <Filter>Source Files</Filter>
    </ClCompile>
    <ClCompile Include="WndResizer.cpp">
      <Filter>Source Files</Filter>
    </ClCompile>
    <ClCompile Include="CPP2JS.cpp">
      <Filter>Source Files</Filter>
    </ClCompile>
    <ClCompile Include="MyCefHandler.cpp">
      <Filter>cef</Filter>
    </ClCompile>
    <ClCompile Include="MyCefApp.cpp">
      <Filter>cef</Filter>
    </ClCompile>
    <ClCompile Include="Util.cpp">
      <Filter>Source Files</Filter>
    </ClCompile>
  </ItemGroup>
  <ItemGroup>
    <ResourceCompile Include="EPUB3Reader.rc">
      <Filter>Resource Files</Filter>
    </ResourceCompile>
  </ItemGroup>
  <ItemGroup>
    <None Include="res\EPUB3Reader.rc2">
      <Filter>Resource Files</Filter>
    </None>
    <None Include="ReaderScripts\reader.html" />
    <None Include="ReaderScripts\epubReadingSystem.js" />
    <None Include="..\readium-shared-js\js\readium_sdk.js" />
    <None Include="..\Scripts\js\models\bookmark_data.js">
      <Filter>Script\js\models</Filter>
    </None>
    <None Include="..\Scripts\js\models\current_pages_info.js">
      <Filter>Script\js\models</Filter>
    </None>
    <None Include="..\Scripts\js\models\fixed_page_spread.js">
      <Filter>Script\js\models</Filter>
    </None>
    <None Include="..\Scripts\js\models\media_overlay.js">
      <Filter>Script\js\models</Filter>
    </None>
    <None Include="..\Scripts\js\models\package.js">
      <Filter>Script\js\models</Filter>
    </None>
    <None Include="..\Scripts\js\models\package_data.js">
      <Filter>Script\js\models</Filter>
    </None>
    <None Include="..\Scripts\js\models\page_open_request.js">
      <Filter>Script\js\models</Filter>
    </None>
    <None Include="..\Scripts\js\models\smil_iterator.js">
      <Filter>Script\js\models</Filter>
    </None>
    <None Include="..\Scripts\js\models\smil_model.js">
      <Filter>Script\js\models</Filter>
    </None>
    <None Include="..\Scripts\js\models\spine.js">
      <Filter>Script\js\models</Filter>
    </None>
    <None Include="..\Scripts\js\models\spine_item.js">
      <Filter>Script\js\models</Filter>
    </None>
    <None Include="..\Scripts\js\models\style.js">
      <Filter>Script\js\models</Filter>
    </None>
    <None Include="..\Scripts\js\models\style_collection.js">
      <Filter>Script\js\models</Filter>
    </None>
    <None Include="..\Scripts\js\models\switches.js">
      <Filter>Script\js\models</Filter>
    </None>
    <None Include="..\Scripts\js\models\trigger.js">
      <Filter>Script\js\models</Filter>
    </None>
    <None Include="..\Scripts\js\models\viewer_settings.js">
      <Filter>Script\js\models</Filter>
    </None>
    <None Include="..\Scripts\js\views\annotations_manager.js">
      <Filter>Script\js\views</Filter>
    </None>
    <None Include="..\Scripts\js\views\audio_player.js">
      <Filter>Script\js\views</Filter>
    </None>
    <None Include="..\Scripts\js\views\cfi_navigation_logic.js">
      <Filter>Script\js\views</Filter>
    </None>
    <None Include="..\Scripts\js\views\fixed_view.js">
      <Filter>Script\js\views</Filter>
    </None>
    <None Include="..\Scripts\js\views\iframe_loader.js">
      <Filter>Script\js\views</Filter>
    </None>
    <None Include="..\Scripts\js\views\internal_links_support.js">
      <Filter>Script\js\views</Filter>
    </None>
    <None Include="..\Scripts\js\views\media_overlay_data_injector.js">
      <Filter>Script\js\views</Filter>
    </None>
    <None Include="..\Scripts\js\views\media_overlay_element_highlighter.js">
      <Filter>Script\js\views</Filter>
    </None>
    <None Include="..\Scripts\js\views\media_overlay_player.js">
      <Filter>Script\js\views</Filter>
    </None>
    <None Include="..\Scripts\js\views\one_page_view.js">
      <Filter>Script\js\views</Filter>
    </None>
    <None Include="..\Scripts\js\views\reader_view.js">
      <Filter>Script\js\views</Filter>
    </None>
    <None Include="..\Scripts\js\views\reflowable_view.js">
      <Filter>Script\js\views</Filter>
    </None>
    <None Include="..\Scripts\js\views\scroll_view.js">
      <Filter>Script\js\views</Filter>
    </None>
    <None Include="..\Scripts\epubReadingSystem.epub">
      <Filter>Script</Filter>
    </None>
    <None Include="..\Scripts\epubReadingSystem.js">
      <Filter>Script</Filter>
    </None>
    <None Include="..\Scripts\epubReadingSystem.sh">
      <Filter>Script</Filter>
    </None>
    <None Include="..\Scripts\helpers.js">
      <Filter>Script</Filter>
    </None>
    <None Include="..\Scripts\host_app_feedback.js">
      <Filter>Script</Filter>
    </None>
    <None Include="..\Scripts\reader.html">
      <Filter>Script</Filter>
    </None>
    <None Include="..\Scripts\readium_Annotations.css">
      <Filter>Script</Filter>
    </None>
    <None Include="..\Scripts\readium_sdk.js">
      <Filter>Script</Filter>
    </None>
  </ItemGroup>
  <ItemGroup>
    <Image Include="res\EPUB3Reader.ico">
      <Filter>Resource Files</Filter>
    </Image>
  </ItemGroup>
</Project>