<?xml version="1.0" encoding="utf-8"?>
<Project ToolsVersion="4.0" xmlns="http://schemas.microsoft.com/developer/msbuild/2003">
  <ItemGroup>
    <Filter Include="Source Files">
      <UniqueIdentifier>{4FC737F1-C7A5-4376-A066-2A32D752A2FF}</UniqueIdentifier>
      <Extensions>cpp;c;cc;cxx;def;odl;idl;hpj;bat;asm;asmx</Extensions>
    </Filter>
    <Filter Include="Header Files">
      <UniqueIdentifier>{93995380-89BD-4b04-88EB-625FBE52EBFB}</UniqueIdentifier>
      <Extensions>h;hh;hpp;hxx;hm;inl;inc;xsd</Extensions>
    </Filter>
    <Filter Include="Resource Files">
      <UniqueIdentifier>{67DA6AB6-F800-4c08-8B7A-83BB121AAD01}</UniqueIdentifier>
      <Extensions>rc;ico;cur;bmp;dlg;rc2;rct;bin;rgs;gif;jpg;jpeg;jpe;resx;tiff;tif;png;wav;mfcribbon-ms</Extensions>
    </Filter>
  </ItemGroup>
  <ItemGroup>
    <ClInclude Include="Readium\WinSpine.h">
      <Filter>Header Files</Filter>
    </ClInclude>
    <ClInclude Include="Readium\WinSMILModel.h">
      <Filter>Header Files</Filter>
    </ClInclude>
    <ClInclude Include="Readium\WinSMILData.h">
      <Filter>Header Files</Filter>
    </ClInclude>
    <ClInclude Include="Readium\WinPropertyExtension.h">
      <Filter>Header Files</Filter>
    </ClInclude>
    <ClInclude Include="Readium\WinProperty.h">
      <Filter>Header Files</Filter>
    </ClInclude>
    <ClInclude Include="Readium\WinPackage.h">
      <Filter>Header Files</Filter>
    </ClInclude>
    <ClInclude Include="Readium\WinNavTable.h">
      <Filter>Header Files</Filter>
    </ClInclude>
    <ClInclude Include="Readium\WinNavPoint.h">
      <Filter>Header Files</Filter>
    </ClInclude>
    <ClInclude Include="Readium\WinMediaSupport.h">
      <Filter>Header Files</Filter>
    </ClInclude>
    <ClInclude Include="Readium\WinMediaHandler.h">
      <Filter>Header Files</Filter>
    </ClInclude>
    <ClInclude Include="Readium\WinManifest.h">
      <Filter>Header Files</Filter>
    </ClInclude>
    <ClInclude Include="Readium\WinLink.h">
      <Filter>Header Files</Filter>
    </ClInclude>
    <ClInclude Include="Readium\WinLibrary.h">
      <Filter>Header Files</Filter>
    </ClInclude>
    <ClInclude Include="Readium\WinInitialization.h">
      <Filter>Header Files</Filter>
    </ClInclude>
    <ClInclude Include="Readium\WinFilterManager.h">
      <Filter>Header Files</Filter>
    </ClInclude>
    <ClInclude Include="Readium\WinFilterChain.h">
      <Filter>Header Files</Filter>
    </ClInclude>
    <ClInclude Include="Readium\WinErrorHandler.h">
      <Filter>Header Files</Filter>
    </ClInclude>
    <ClInclude Include="Readium\WinEpubCollection.h">
      <Filter>Header Files</Filter>
    </ClInclude>
    <ClInclude Include="Readium\WinEncryptionInfo.h">
      <Filter>Header Files</Filter>
    </ClInclude>
    <ClInclude Include="Readium\WinCredentialRequest.h">
      <Filter>Header Files</Filter>
    </ClInclude>
    <ClInclude Include="Readium\WinContentModuleManager.h">
      <Filter>Header Files</Filter>
    </ClInclude>
    <ClInclude Include="Readium\WinContainer.h">
      <Filter>Header Files</Filter>
    </ClInclude>
    <ClInclude Include="Readium\WinCFI.h">
      <Filter>Header Files</Filter>
    </ClInclude>
    <ClInclude Include="Readium\ThreadEmulation.h">
      <Filter>Header Files</Filter>
    </ClInclude>
    <ClInclude Include="Readium\Streams.h">
      <Filter>Header Files</Filter>
    </ClInclude>
    <ClInclude Include="Readium\Readium.h">
      <Filter>Header Files</Filter>
    </ClInclude>
    <ClInclude Include="Readium\PropertyTypes.h">
      <Filter>Header Files</Filter>
    </ClInclude>
    <ClInclude Include="Readium\PropertyHolderSubclassImpl.h">
      <Filter>Header Files</Filter>
    </ClInclude>
    <ClInclude Include="Readium\PropertyHolderSubclassDecl.h">
      <Filter>Header Files</Filter>
    </ClInclude>
    <ClInclude Include="Readium\PropertyHolderImpl.h">
      <Filter>Header Files</Filter>
    </ClInclude>
    <ClInclude Include="Readium\PluginMaps.h">
      <Filter>Header Files</Filter>
    </ClInclude>
    <ClInclude Include="Readium\NavElementList.h">
      <Filter>Header Files</Filter>
    </ClInclude>
    <ClInclude Include="Readium\IPropertyHolder.h">
      <Filter>Header Files</Filter>
    </ClInclude>
    <ClInclude Include="Readium\INavigationElement.h">
      <Filter>Header Files</Filter>
    </ClInclude>
    <ClInclude Include="Readium\IContentModule.h">
      <Filter>Header Files</Filter>
    </ClInclude>
    <ClInclude Include="Readium\IContentHandler.h">
      <Filter>Header Files</Filter>
    </ClInclude>
    <ClInclude Include="Readium\IContentFilter.h">
      <Filter>Header Files</Filter>
    </ClInclude>
    <ClInclude Include="Readium\ExceptionWrapper.h">
      <Filter>Header Files</Filter>
    </ClInclude>
    <ClInclude Include="Readium\CollectionBridges.h">
      <Filter>Header Files</Filter>
    </ClInclude>
    <ClInclude Include="Readium\BufferBridge.h">
      <Filter>Header Files</Filter>
    </ClInclude>
  </ItemGroup>
  <ItemGroup>
    <ClCompile Include="Readium\WinSpine.cpp">
      <Filter>Source Files</Filter>
    </ClCompile>
    <ClCompile Include="Readium\WinSMILModel.cpp">
      <Filter>Source Files</Filter>
    </ClCompile>
    <ClCompile Include="Readium\WinSMILData.cpp">
      <Filter>Source Files</Filter>
    </ClCompile>
    <ClCompile Include="Readium\WinPropertyExtension.cpp">
      <Filter>Source Files</Filter>
    </ClCompile>
    <ClCompile Include="Readium\WinProperty.cpp">
      <Filter>Source Files</Filter>
    </ClCompile>
    <ClCompile Include="Readium\WinPackage.cpp">
      <Filter>Source Files</Filter>
    </ClCompile>
    <ClCompile Include="Readium\WinNavTable.cpp">
      <Filter>Source Files</Filter>
    </ClCompile>
    <ClCompile Include="Readium\WinNavPoint.cpp">
      <Filter>Source Files</Filter>
    </ClCompile>
    <ClCompile Include="Readium\WinMediaSupport.cpp">
      <Filter>Source Files</Filter>
    </ClCompile>
    <ClCompile Include="Readium\WinMediaHandler.cpp">
      <Filter>Source Files</Filter>
    </ClCompile>
    <ClCompile Include="Readium\WinManifest.cpp">
      <Filter>Source Files</Filter>
    </ClCompile>
    <ClCompile Include="Readium\WinLink.cpp">
      <Filter>Source Files</Filter>
    </ClCompile>
    <ClCompile Include="Readium\WinLibrary.cpp">
      <Filter>Source Files</Filter>
    </ClCompile>
    <ClCompile Include="Readium\WinInitialization.cpp">
      <Filter>Source Files</Filter>
    </ClCompile>
    <ClCompile Include="Readium\WinFilterManager.cpp">
      <Filter>Source Files</Filter>
    </ClCompile>
    <ClCompile Include="Readium\WinFilterChain.cpp">
      <Filter>Source Files</Filter>
    </ClCompile>
    <ClCompile Include="Readium\WinErrorHandler.cpp">
      <Filter>Source Files</Filter>
    </ClCompile>
    <ClCompile Include="Readium\WinEpubCollection.cpp">
      <Filter>Source Files</Filter>
    </ClCompile>
    <ClCompile Include="Readium\WinEncryptionInfo.cpp">
      <Filter>Source Files</Filter>
    </ClCompile>
    <ClCompile Include="Readium\WinCredentialRequest.cpp">
      <Filter>Source Files</Filter>
    </ClCompile>
    <ClCompile Include="Readium\WinContentModuleManager.cpp">
      <Filter>Source Files</Filter>
    </ClCompile>
    <ClCompile Include="Readium\WinContainer.cpp">
      <Filter>Source Files</Filter>
    </ClCompile>
    <ClCompile Include="Readium\WinCFI.cpp">
      <Filter>Source Files</Filter>
    </ClCompile>
    <ClCompile Include="Readium\ThreadEmulation.cpp">
      <Filter>Source Files</Filter>
    </ClCompile>
    <ClCompile Include="Readium\Streams.cpp">
      <Filter>Source Files</Filter>
    </ClCompile>
    <ClCompile Include="Readium\PluginMaps.cpp">
      <Filter>Source Files</Filter>
    </ClCompile>
  </ItemGroup>
  <ItemGroup>
    <None Include="Readium\Readium.vcxproj.filters" />
    <None Include="Readium\Readium.vcxproj" />
  </ItemGroup>
</Project>